
Microsoft Visual Studio Solution File, Format Version 12.00
# Visual Studio Version 16
VisualStudioVersion = 16.0.30413.136
MinimumVisualStudioVersion = 10.0.40219.1
Project("{FAE04EC0-301F-11D3-BF4B-00C04F79EFBC}") = "ClassPractice", "ClassPractice.csproj", "{33B54D15-FF2B-4A1E-B344-B884857A192E}"
EndProject
Global
	GlobalSection(SolutionConfigurationPlatforms) = preSolution
		Debug|Any CPU = Debug|Any CPU
		Release|Any CPU = Release|Any CPU
	EndGlobalSection
	GlobalSection(ProjectConfigurationPlatforms) = postSolution
		{33B54D15-FF2B-4A1E-B344-B884857A192E}.Debug|Any CPU.ActiveCfg = Debug|Any CPU
		{33B54D15-FF2B-4A1E-B344-B884857A192E}.Debug|Any CPU.Build.0 = Debug|Any CPU
		{33B54D15-FF2B-4A1E-B344-B884857A192E}.Release|Any CPU.ActiveCfg = Release|Any CPU
		{33B54D15-FF2B-4A1E-B344-B884857A192E}.Release|Any CPU.Build.0 = Release|Any CPU
	EndGlobalSection
	GlobalSection(SolutionProperties) = preSolution
		HideSolutionNode = FALSE
	EndGlobalSection
	GlobalSection(ExtensibilityGlobals) = postSolution
		SolutionGuid = {1B1809C5-C08B-43B5-AC6A-F888BA8F7ACB}
	EndGlobalSection
EndGlobal
